
Microsoft Visual Studio Solution File, Format Version 12.00
# Visual Studio Version 16
VisualStudioVersion = 16.0.29905.134
MinimumVisualStudioVersion = 10.0.40219.1
Project("{FAE04EC0-301F-11D3-BF4B-00C04F79EFBC}") = "SuperheroDatabase", "SuperheroDatabase\SuperheroDatabase.csproj", "{535D01B1-7587-4AB3-BC99-C15C7D366F54}"
EndProject
Global
	GlobalSection(SolutionConfigurationPlatforms) = preSolution
		Debug|Any CPU = Debug|Any CPU
		Release|Any CPU = Release|Any CPU
	EndGlobalSection
	GlobalSection(ProjectConfigurationPlatforms) = postSolution
		{535D01B1-7587-4AB3-BC99-C15C7D366F54}.Debug|Any CPU.ActiveCfg = Debug|Any CPU
		{535D01B1-7587-4AB3-BC99-C15C7D366F54}.Debug|Any CPU.Build.0 = Debug|Any CPU
		{535D01B1-7587-4AB3-BC99-C15C7D366F54}.Release|Any CPU.ActiveCfg = Release|Any CPU
		{535D01B1-7587-4AB3-BC99-C15C7D366F54}.Release|Any CPU.Build.0 = Release|Any CPU
	EndGlobalSection
	GlobalSection(SolutionProperties) = preSolution
		HideSolutionNode = FALSE
	EndGlobalSection
	GlobalSection(ExtensibilityGlobals) = postSolution
		SolutionGuid = {A33C1ABB-3EDA-44C0-879E-43ACEFC2E7D9}
	EndGlobalSection
EndGlobal
